
Microsoft Visual Studio Solution File, Format Version 12.00
# Visual Studio 15
VisualStudioVersion = 15.0.28307.1267
MinimumVisualStudioVersion = 10.0.40219.1
Project("{FAE04EC0-301F-11D3-BF4B-00C04F79EFBC}") = "FIle_Transmit_Client", "FIle_Transmit_Client\FIle_Transmit_Client.csproj", "{449AAC82-A2D9-4A21-8FFB-5CAE2FA8B299}"
EndProject
Project("{FAE04EC0-301F-11D3-BF4B-00C04F79EFBC}") = "File_Receive_Server", "File_Receive_Server\File_Receive_Server.csproj", "{36C6A898-E33C-4FAB-BBCE-858EC6998E17}"
EndProject
Global
	GlobalSection(SolutionConfigurationPlatforms) = preSolution
		Debug|Any CPU = Debug|Any CPU
		Release|Any CPU = Release|Any CPU
	EndGlobalSection
	GlobalSection(ProjectConfigurationPlatforms) = postSolution
		{449AAC82-A2D9-4A21-8FFB-5CAE2FA8B299}.Debug|Any CPU.ActiveCfg = Debug|Any CPU
		{449AAC82-A2D9-4A21-8FFB-5CAE2FA8B299}.Debug|Any CPU.Build.0 = Debug|Any CPU
		{449AAC82-A2D9-4A21-8FFB-5CAE2FA8B299}.Release|Any CPU.ActiveCfg = Release|Any CPU
		{449AAC82-A2D9-4A21-8FFB-5CAE2FA8B299}.Release|Any CPU.Build.0 = Release|Any CPU
		{36C6A898-E33C-4FAB-BBCE-858EC6998E17}.Debug|Any CPU.ActiveCfg = Debug|Any CPU
		{36C6A898-E33C-4FAB-BBCE-858EC6998E17}.Debug|Any CPU.Build.0 = Debug|Any CPU
		{36C6A898-E33C-4FAB-BBCE-858EC6998E17}.Release|Any CPU.ActiveCfg = Release|Any CPU
		{36C6A898-E33C-4FAB-BBCE-858EC6998E17}.Release|Any CPU.Build.0 = Release|Any CPU
	EndGlobalSection
	GlobalSection(SolutionProperties) = preSolution
		HideSolutionNode = FALSE
	EndGlobalSection
	GlobalSection(ExtensibilityGlobals) = postSolution
		SolutionGuid = {C4D4795E-EA7B-4A96-BFFF-F479516E5FC8}
	EndGlobalSection
EndGlobal
